
Microsoft Visual Studio Solution File, Format Version 12.00
# Visual Studio 2012
Project("{FAE04EC0-301F-11D3-BF4B-00C04F79EFBC}") = "Index_VS_Bruteforce", "Index_VS_Bruteforce\Index_VS_Bruteforce.csproj", "{4227A070-ED9C-4A16-9A97-E363FB4D6186}"
EndProject
Global
	GlobalSection(SolutionConfigurationPlatforms) = preSolution
		Debug|Any CPU = Debug|Any CPU
		Release|Any CPU = Release|Any CPU
	EndGlobalSection
	GlobalSection(ProjectConfigurationPlatforms) = postSolution
		{4227A070-ED9C-4A16-9A97-E363FB4D6186}.Debug|Any CPU.ActiveCfg = Debug|Any CPU
		{4227A070-ED9C-4A16-9A97-E363FB4D6186}.Debug|Any CPU.Build.0 = Debug|Any CPU
		{4227A070-ED9C-4A16-9A97-E363FB4D6186}.Release|Any CPU.ActiveCfg = Release|Any CPU
		{4227A070-ED9C-4A16-9A97-E363FB4D6186}.Release|Any CPU.Build.0 = Release|Any CPU
	EndGlobalSection
	GlobalSection(SolutionProperties) = preSolution
		HideSolutionNode = FALSE
	EndGlobalSection
EndGlobal
